
Microsoft Visual Studio Solution File, Format Version 12.00
# Visual Studio 15
VisualStudioVersion = 15.0.27130.2003
MinimumVisualStudioVersion = 10.0.40219.1
Project("{FAE04EC0-301F-11D3-BF4B-00C04F79EFBC}") = "NtFreX.RestClient.NET", "NtFreX.RestClient.NET\NtFreX.RestClient.NET.csproj", "{0FD13265-379C-4914-A01E-A9C573D5AC24}"
EndProject
Project("{FAE04EC0-301F-11D3-BF4B-00C04F79EFBC}") = "NtFreX.RestClient.NET.Test", "NtFreX.RestClient.NET.Test\NtFreX.RestClient.NET.Test.csproj", "{9C22D275-D32A-4D8F-8342-E89885ED6FBD}"
EndProject
Project("{FAE04EC0-301F-11D3-BF4B-00C04F79EFBC}") = "NtFreX.RestClient.NET.Sample", "NtFreX.RestClient.NET.Sample\NtFreX.RestClient.NET.Sample.csproj", "{5C04D581-1C25-4BEF-9F3E-5A803307BE61}"
EndProject
Global
	GlobalSection(SolutionConfigurationPlatforms) = preSolution
		Debug|Any CPU = Debug|Any CPU
		Release|Any CPU = Release|Any CPU
	EndGlobalSection
	GlobalSection(ProjectConfigurationPlatforms) = postSolution
		{0FD13265-379C-4914-A01E-A9C573D5AC24}.Debug|Any CPU.ActiveCfg = Debug|Any CPU
		{0FD13265-379C-4914-A01E-A9C573D5AC24}.Debug|Any CPU.Build.0 = Debug|Any CPU
		{0FD13265-379C-4914-A01E-A9C573D5AC24}.Release|Any CPU.ActiveCfg = Release|Any CPU
		{0FD13265-379C-4914-A01E-A9C573D5AC24}.Release|Any CPU.Build.0 = Release|Any CPU
		{9C22D275-D32A-4D8F-8342-E89885ED6FBD}.Debug|Any CPU.ActiveCfg = Debug|Any CPU
		{9C22D275-D32A-4D8F-8342-E89885ED6FBD}.Debug|Any CPU.Build.0 = Debug|Any CPU
		{9C22D275-D32A-4D8F-8342-E89885ED6FBD}.Release|Any CPU.ActiveCfg = Release|Any CPU
		{9C22D275-D32A-4D8F-8342-E89885ED6FBD}.Release|Any CPU.Build.0 = Release|Any CPU
		{5C04D581-1C25-4BEF-9F3E-5A803307BE61}.Debug|Any CPU.ActiveCfg = Debug|Any CPU
		{5C04D581-1C25-4BEF-9F3E-5A803307BE61}.Debug|Any CPU.Build.0 = Debug|Any CPU
		{5C04D581-1C25-4BEF-9F3E-5A803307BE61}.Release|Any CPU.ActiveCfg = Release|Any CPU
		{5C04D581-1C25-4BEF-9F3E-5A803307BE61}.Release|Any CPU.Build.0 = Release|Any CPU
	EndGlobalSection
	GlobalSection(SolutionProperties) = preSolution
		HideSolutionNode = FALSE
	EndGlobalSection
	GlobalSection(ExtensibilityGlobals) = postSolution
		SolutionGuid = {479F953C-3554-42A7-BA7B-D0BE0792743D}
	EndGlobalSection
EndGlobal
